// !$*UTF8*$!
{
	archiveVersion = 1;
	classes = {
	};
	objectVersion = 56;
	objects = {

/* Begin PBXBuildFile section */
		343F712D2B9FBB3500D9288F /* FeedViewModel.swift in Sources */ = {isa = PBXBuildFile; fileRef = 343F712C2B9FBB3500D9288F /* FeedViewModel.swift */; };
		34409AE32B90AFAD002AE497 /* CatsService.swift in Sources */ = {isa = PBXBuildFile; fileRef = 34409AE22B90AFAD002AE497 /* CatsService.swift */; };
		348C82182B91230200DB02E2 /* Alamofire in Frameworks */ = {isa = PBXBuildFile; productRef = 348C82172B91230200DB02E2 /* Alamofire */; };
		348C821B2B912C0F00DB02E2 /* Breed.swift in Sources */ = {isa = PBXBuildFile; fileRef = 348C821A2B912C0F00DB02E2 /* Breed.swift */; };
		348C821E2B91335200DB02E2 /* BreedFact.swift in Sources */ = {isa = PBXBuildFile; fileRef = 348C821D2B91335200DB02E2 /* BreedFact.swift */; };
		349C6EB62B8BAE1900B4C953 /* CatsApp.swift in Sources */ = {isa = PBXBuildFile; fileRef = 349C6EB52B8BAE1900B4C953 /* CatsApp.swift */; };
		349C6EB82B8BAE1900B4C953 /* FeedView.swift in Sources */ = {isa = PBXBuildFile; fileRef = 349C6EB72B8BAE1900B4C953 /* FeedView.swift */; };
		349C6EBA2B8BAE1B00B4C953 /* Assets.xcassets in Resources */ = {isa = PBXBuildFile; fileRef = 349C6EB92B8BAE1B00B4C953 /* Assets.xcassets */; };
		349C6EBD2B8BAE1B00B4C953 /* Preview Assets.xcassets in Resources */ = {isa = PBXBuildFile; fileRef = 349C6EBC2B8BAE1B00B4C953 /* Preview Assets.xcassets */; };
		34F93ED82BA4E81200D384F8 /* BreedDetailsView.swift in Sources */ = {isa = PBXBuildFile; fileRef = 34F93ED72BA4E81200D384F8 /* BreedDetailsView.swift */; };
		34F93EDA2BA4E81B00D384F8 /* BreedDetailsViewModel.swift in Sources */ = {isa = PBXBuildFile; fileRef = 34F93ED92BA4E81B00D384F8 /* BreedDetailsViewModel.swift */; };
		34F93EDE2BA4F0D500D384F8 /* BreedView.swift in Sources */ = {isa = PBXBuildFile; fileRef = 34F93EDD2BA4F0D500D384F8 /* BreedView.swift */; };
/* End PBXBuildFile section */

/* Begin PBXFileReference section */
		343F712C2B9FBB3500D9288F /* FeedViewModel.swift */ = {isa = PBXFileReference; lastKnownFileType = sourcecode.swift; path = FeedViewModel.swift; sourceTree = "<group>"; };
		34409AE22B90AFAD002AE497 /* CatsService.swift */ = {isa = PBXFileReference; lastKnownFileType = sourcecode.swift; path = CatsService.swift; sourceTree = "<group>"; };
		348C821A2B912C0F00DB02E2 /* Breed.swift */ = {isa = PBXFileReference; lastKnownFileType = sourcecode.swift; path = Breed.swift; sourceTree = "<group>"; };
		348C821D2B91335200DB02E2 /* BreedFact.swift */ = {isa = PBXFileReference; lastKnownFileType = sourcecode.swift; path = BreedFact.swift; sourceTree = "<group>"; };
		349C6EB22B8BAE1900B4C953 /* Cats.app */ = {isa = PBXFileReference; explicitFileType = wrapper.application; includeInIndex = 0; path = Cats.app; sourceTree = BUILT_PRODUCTS_DIR; };
		349C6EB52B8BAE1900B4C953 /* CatsApp.swift */ = {isa = PBXFileReference; lastKnownFileType = sourcecode.swift; path = CatsApp.swift; sourceTree = "<group>"; };
		349C6EB72B8BAE1900B4C953 /* FeedView.swift */ = {isa = PBXFileReference; lastKnownFileType = sourcecode.swift; path = FeedView.swift; sourceTree = "<group>"; };
		349C6EB92B8BAE1B00B4C953 /* Assets.xcassets */ = {isa = PBXFileReference; lastKnownFileType = folder.assetcatalog; path = Assets.xcassets; sourceTree = "<group>"; };
		349C6EBC2B8BAE1B00B4C953 /* Preview Assets.xcassets */ = {isa = PBXFileReference; lastKnownFileType = folder.assetcatalog; path = "Preview Assets.xcassets"; sourceTree = "<group>"; };
		34F93ED72BA4E81200D384F8 /* BreedDetailsView.swift */ = {isa = PBXFileReference; lastKnownFileType = sourcecode.swift; path = BreedDetailsView.swift; sourceTree = "<group>"; };
		34F93ED92BA4E81B00D384F8 /* BreedDetailsViewModel.swift */ = {isa = PBXFileReference; lastKnownFileType = sourcecode.swift; path = BreedDetailsViewModel.swift; sourceTree = "<group>"; };
		34F93EDD2BA4F0D500D384F8 /* BreedView.swift */ = {isa = PBXFileReference; lastKnownFileType = sourcecode.swift; path = BreedView.swift; sourceTree = "<group>"; };
/* End PBXFileReference section */

/* Begin PBXFrameworksBuildPhase section */
		349C6EAF2B8BAE1900B4C953 /* Frameworks */ = {
			isa = PBXFrameworksBuildPhase;
			buildActionMask = 2147483647;
			files = (
				348C82182B91230200DB02E2 /* Alamofire in Frameworks */,
			);
			runOnlyForDeploymentPostprocessing = 0;
		};
/* End PBXFrameworksBuildPhase section */

/* Begin PBXGroup section */
		348C82192B912C0200DB02E2 /* Networking */ = {
			isa = PBXGroup;
			children = (
				34409AE22B90AFAD002AE497 /* CatsService.swift */,
			);
			path = Networking;
			sourceTree = "<group>";
		};
		348C821C2B912C1A00DB02E2 /* Models */ = {
			isa = PBXGroup;
			children = (
				348C821A2B912C0F00DB02E2 /* Breed.swift */,
				348C821D2B91335200DB02E2 /* BreedFact.swift */,
			);
			path = Models;
			sourceTree = "<group>";
		};
		349C6EA92B8BAE1900B4C953 = {
			isa = PBXGroup;
			children = (
				349C6EB42B8BAE1900B4C953 /* Cats */,
				349C6EB32B8BAE1900B4C953 /* Products */,
			);
			sourceTree = "<group>";
		};
		349C6EB32B8BAE1900B4C953 /* Products */ = {
			isa = PBXGroup;
			children = (
				349C6EB22B8BAE1900B4C953 /* Cats.app */,
			);
			name = Products;
			sourceTree = "<group>";
		};
		349C6EB42B8BAE1900B4C953 /* Cats */ = {
			isa = PBXGroup;
			children = (
				348C821C2B912C1A00DB02E2 /* Models */,
				348C82192B912C0200DB02E2 /* Networking */,
				349C6EB52B8BAE1900B4C953 /* CatsApp.swift */,
				349C6EB72B8BAE1900B4C953 /* FeedView.swift */,
				349C6EB92B8BAE1B00B4C953 /* Assets.xcassets */,
				349C6EBB2B8BAE1B00B4C953 /* Preview Content */,
				343F712C2B9FBB3500D9288F /* FeedViewModel.swift */,
				34F93ED72BA4E81200D384F8 /* BreedDetailsView.swift */,
				34F93ED92BA4E81B00D384F8 /* BreedDetailsViewModel.swift */,
				34F93EDD2BA4F0D500D384F8 /* BreedView.swift */,
			);
			path = Cats;
			sourceTree = "<group>";
		};
		349C6EBB2B8BAE1B00B4C953 /* Preview Content */ = {
			isa = PBXGroup;
			children = (
				349C6EBC2B8BAE1B00B4C953 /* Preview Assets.xcassets */,
			);
			path = "Preview Content";
			sourceTree = "<group>";
		};
/* End PBXGroup section */

/* Begin PBXNativeTarget section */
		349C6EB12B8BAE1900B4C953 /* Cats */ = {
			isa = PBXNativeTarget;
			buildConfigurationList = 349C6EC02B8BAE1B00B4C953 /* Build configuration list for PBXNativeTarget "Cats" */;
			buildPhases = (
				349C6EAE2B8BAE1900B4C953 /* Sources */,
				349C6EAF2B8BAE1900B4C953 /* Frameworks */,
				349C6EB02B8BAE1900B4C953 /* Resources */,
			);
			buildRules = (
			);
			dependencies = (
			);
			name = Cats;
			packageProductDependencies = (
				348C82172B91230200DB02E2 /* Alamofire */,
			);
			productName = Cats;
			productReference = 349C6EB22B8BAE1900B4C953 /* Cats.app */;
			productType = "com.apple.product-type.application";
		};
/* End PBXNativeTarget section */

/* Begin PBXProject section */
		349C6EAA2B8BAE1900B4C953 /* Project object */ = {
			isa = PBXProject;
			attributes = {
				BuildIndependentTargetsInParallel = 1;
				LastSwiftUpdateCheck = 1520;
				LastUpgradeCheck = 1520;
				TargetAttributes = {
					349C6EB12B8BAE1900B4C953 = {
						CreatedOnToolsVersion = 15.2;
					};
				};
			};
			buildConfigurationList = 349C6EAD2B8BAE1900B4C953 /* Build configuration list for PBXProject "Cats" */;
			compatibilityVersion = "Xcode 14.0";
			developmentRegion = en;
			hasScannedForEncodings = 0;
			knownRegions = (
				en,
				Base,
			);
			mainGroup = 349C6EA92B8BAE1900B4C953;
			packageReferences = (
				348C82162B91230200DB02E2 /* XCRemoteSwiftPackageReference "Alamofire" */,
			);
			productRefGroup = 349C6EB32B8BAE1900B4C953 /* Products */;
			projectDirPath = "";
			projectRoot = "";
			targets = (
				349C6EB12B8BAE1900B4C953 /* Cats */,
			);
		};
/* End PBXProject section */

/* Begin PBXResourcesBuildPhase section */
		349C6EB02B8BAE1900B4C953 /* Resources */ = {
			isa = PBXResourcesBuildPhase;
			buildActionMask = 2147483647;
			files = (
				349C6EBD2B8BAE1B00B4C953 /* Preview Assets.xcassets in Resources */,
				349C6EBA2B8BAE1B00B4C953 /* Assets.xcassets in Resources */,
			);
			runOnlyForDeploymentPostprocessing = 0;
		};
/* End PBXResourcesBuildPhase section */

/* Begin PBXSourcesBuildPhase section */
		349C6EAE2B8BAE1900B4C953 /* Sources */ = {
			isa = PBXSourcesBuildPhase;
			buildActionMask = 2147483647;
			files = (
				348C821B2B912C0F00DB02E2 /* Breed.swift in Sources */,
				34409AE32B90AFAD002AE497 /* CatsService.swift in Sources */,
				343F712D2B9FBB3500D9288F /* FeedViewModel.swift in Sources */,
				34F93ED82BA4E81200D384F8 /* BreedDetailsView.swift in Sources */,
				34F93EDE2BA4F0D500D384F8 /* BreedView.swift in Sources */,
				349C6EB82B8BAE1900B4C953 /* FeedView.swift in Sources */,
				348C821E2B91335200DB02E2 /* BreedFact.swift in Sources */,
				349C6EB62B8BAE1900B4C953 /* CatsApp.swift in Sources */,
				34F93EDA2BA4E81B00D384F8 /* BreedDetailsViewModel.swift in Sources */,
			);
			runOnlyForDeploymentPostprocessing = 0;
		};
/* End PBXSourcesBuildPhase section */

/* Begin XCBuildConfiguration section */
		349C6EBE2B8BAE1B00B4C953 /* Debug */ = {
			isa = XCBuildConfiguration;
			buildSettings = {
				ALWAYS_SEARCH_USER_PATHS = NO;
				ASSETCATALOG_COMPILER_GENERATE_SWIFT_ASSET_SYMBOL_EXTENSIONS = YES;
				CLANG_ANALYZER_NONNULL = YES;
				CLANG_ANALYZER_NUMBER_OBJECT_CONVERSION = YES_AGGRESSIVE;
				CLANG_CXX_LANGUAGE_STANDARD = "gnu++20";
				CLANG_ENABLE_MODULES = YES;
				CLANG_ENABLE_OBJC_ARC = YES;
				CLANG_ENABLE_OBJC_WEAK = YES;
				CLANG_WARN_BLOCK_CAPTURE_AUTORELEASING = YES;
				CLANG_WARN_BOOL_CONVERSION = YES;
				CLANG_WARN_COMMA = YES;
				CLANG_WARN_CONSTANT_CONVERSION = YES;
				CLANG_WARN_DEPRECATED_OBJC_IMPLEMENTATIONS = YES;
				CLANG_WARN_DIRECT_OBJC_ISA_USAGE = YES_ERROR;
				CLANG_WARN_DOCUMENTATION_COMMENTS = YES;
				CLANG_WARN_EMPTY_BODY = YES;
				CLANG_WARN_ENUM_CONVERSION = YES;
				CLANG_WARN_INFINITE_RECURSION = YES;
				CLANG_WARN_INT_CONVERSION = YES;
				CLANG_WARN_NON_LITERAL_NULL_CONVERSION = YES;
				CLANG_WARN_OBJC_IMPLICIT_RETAIN_SELF = YES;
				CLANG_WARN_OBJC_LITERAL_CONVERSION = YES;
				CLANG_WARN_OBJC_ROOT_CLASS = YES_ERROR;
				CLANG_WARN_QUOTED_INCLUDE_IN_FRAMEWORK_HEADER = YES;
				CLANG_WARN_RANGE_LOOP_ANALYSIS = YES;
				CLANG_WARN_STRICT_PROTOTYPES = YES;
				CLANG_WARN_SUSPICIOUS_MOVE = YES;
				CLANG_WARN_UNGUARDED_AVAILABILITY = YES_AGGRESSIVE;
				CLANG_WARN_UNREACHABLE_CODE = YES;
				CLANG_WARN__DUPLICATE_METHOD_MATCH = YES;
				COPY_PHASE_STRIP = NO;
				DEBUG_INFORMATION_FORMAT = dwarf;
				ENABLE_STRICT_OBJC_MSGSEND = YES;
				ENABLE_TESTABILITY = YES;
				ENABLE_USER_SCRIPT_SANDBOXING = YES;
				GCC_C_LANGUAGE_STANDARD = gnu17;
				GCC_DYNAMIC_NO_PIC = NO;
				GCC_NO_COMMON_BLOCKS = YES;
				GCC_OPTIMIZATION_LEVEL = 0;
				GCC_PREPROCESSOR_DEFINITIONS = (
					"DEBUG=1",
					"$(inherited)",
				);
				GCC_WARN_64_TO_32_BIT_CONVERSION = YES;
				GCC_WARN_ABOUT_RETURN_TYPE = YES_ERROR;
				GCC_WARN_UNDECLARED_SELECTOR = YES;
				GCC_WARN_UNINITIALIZED_AUTOS = YES_AGGRESSIVE;
				GCC_WARN_UNUSED_FUNCTION = YES;
				GCC_WARN_UNUSED_VARIABLE = YES;
				IPHONEOS_DEPLOYMENT_TARGET = 17.2;
				LOCALIZATION_PREFERS_STRING_CATALOGS = YES;
				MTL_ENABLE_DEBUG_INFO = INCLUDE_SOURCE;
				MTL_FAST_MATH = YES;
				ONLY_ACTIVE_ARCH = YES;
				SDKROOT = iphoneos;
				SWIFT_ACTIVE_COMPILATION_CONDITIONS = "DEBUG $(inherited)";
				SWIFT_OPTIMIZATION_LEVEL = "-Onone";
			};
			name = Debug;
		};
		349C6EBF2B8BAE1B00B4C953 /* Release */ = {
			isa = XCBuildConfiguration;
			buildSettings = {
				ALWAYS_SEARCH_USER_PATHS = NO;
				ASSETCATALOG_COMPILER_GENERATE_SWIFT_ASSET_SYMBOL_EXTENSIONS = YES;
				CLANG_ANALYZER_NONNULL = YES;
				CLANG_ANALYZER_NUMBER_OBJECT_CONVERSION = YES_AGGRESSIVE;
				CLANG_CXX_LANGUAGE_STANDARD = "gnu++20";
				CLANG_ENABLE_MODULES = YES;
				CLANG_ENABLE_OBJC_ARC = YES;
				CLANG_ENABLE_OBJC_WEAK = YES;
				CLANG_WARN_BLOCK_CAPTURE_AUTORELEASING = YES;
				CLANG_WARN_BOOL_CONVERSION = YES;
				CLANG_WARN_COMMA = YES;
				CLANG_WARN_CONSTANT_CONVERSION = YES;
				CLANG_WARN_DEPRECATED_OBJC_IMPLEMENTATIONS = YES;
				CLANG_WARN_DIRECT_OBJC_ISA_USAGE = YES_ERROR;
				CLANG_WARN_DOCUMENTATION_COMMENTS = YES;
				CLANG_WARN_EMPTY_BODY = YES;
				CLANG_WARN_ENUM_CONVERSION = YES;
				CLANG_WARN_INFINITE_RECURSION = YES;
				CLANG_WARN_INT_CONVERSION = YES;
				CLANG_WARN_NON_LITERAL_NULL_CONVERSION = YES;
				CLANG_WARN_OBJC_IMPLICIT_RETAIN_SELF = YES;
				CLANG_WARN_OBJC_LITERAL_CONVERSION = YES;
				CLANG_WARN_OBJC_ROOT_CLASS = YES_ERROR;
				CLANG_WARN_QUOTED_INCLUDE_IN_FRAMEWORK_HEADER = YES;
				CLANG_WARN_RANGE_LOOP_ANALYSIS = YES;
				CLANG_WARN_STRICT_PROTOTYPES = YES;
				CLANG_WARN_SUSPICIOUS_MOVE = YES;
				CLANG_WARN_UNGUARDED_AVAILABILITY = YES_AGGRESSIVE;
				CLANG_WARN_UNREACHABLE_CODE = YES;
				CLANG_WARN__DUPLICATE_METHOD_MATCH = YES;
				COPY_PHASE_STRIP = NO;
				DEBUG_INFORMATION_FORMAT = "dwarf-with-dsym";
				ENABLE_NS_ASSERTIONS = NO;
				ENABLE_STRICT_OBJC_MSGSEND = YES;
				ENABLE_USER_SCRIPT_SANDBOXING = YES;
				GCC_C_LANGUAGE_STANDARD = gnu17;
				GCC_NO_COMMON_BLOCKS = YES;
				GCC_WARN_64_TO_32_BIT_CONVERSION = YES;
				GCC_WARN_ABOUT_RETURN_TYPE = YES_ERROR;
				GCC_WARN_UNDECLARED_SELECTOR = YES;
				GCC_WARN_UNINITIALIZED_AUTOS = YES_AGGRESSIVE;
				GCC_WARN_UNUSED_FUNCTION = YES;
				GCC_WARN_UNUSED_VARIABLE = YES;
				IPHONEOS_DEPLOYMENT_TARGET = 17.2;
				LOCALIZATION_PREFERS_STRING_CATALOGS = YES;
				MTL_ENABLE_DEBUG_INFO = NO;
				MTL_FAST_MATH = YES;
				SDKROOT = iphoneos;
				SWIFT_COMPILATION_MODE = wholemodule;
				VALIDATE_PRODUCT = YES;
			};
			name = Release;
		};
		349C6EC12B8BAE1B00B4C953 /* Debug */ = {
			isa = XCBuildConfiguration;
			buildSettings = {
				ASSETCATALOG_COMPILER_APPICON_NAME = AppIcon;
				ASSETCATALOG_COMPILER_GLOBAL_ACCENT_COLOR_NAME = AccentColor;
				CODE_SIGN_STYLE = Automatic;
				CURRENT_PROJECT_VERSION = 1;
				DEVELOPMENT_ASSET_PATHS = "\"Cats/Preview Content\"";
				DEVELOPMENT_TEAM = B6U9AWB5W8;
				ENABLE_PREVIEWS = YES;
				GENERATE_INFOPLIST_FILE = YES;
				INFOPLIST_KEY_UIApplicationSceneManifest_Generation = YES;
				INFOPLIST_KEY_UIApplicationSupportsIndirectInputEvents = YES;
				INFOPLIST_KEY_UILaunchScreen_Generation = YES;
				INFOPLIST_KEY_UISupportedInterfaceOrientations_iPad = "UIInterfaceOrientationPortrait UIInterfaceOrientationPortraitUpsideDown UIInterfaceOrientationLandscapeLeft UIInterfaceOrientationLandscapeRight";
				INFOPLIST_KEY_UISupportedInterfaceOrientations_iPhone = "UIInterfaceOrientationPortrait UIInterfaceOrientationLandscapeLeft UIInterfaceOrientationLandscapeRight";
				LD_RUNPATH_SEARCH_PATHS = (
					"$(inherited)",
					"@executable_path/Frameworks",
				);
				MARKETING_VERSION = 1.0;
				PRODUCT_BUNDLE_IDENTIFIER = innas.Cats;
				PRODUCT_NAME = "$(TARGET_NAME)";
				SWIFT_EMIT_LOC_STRINGS = YES;
				SWIFT_VERSION = 5.0;
				TARGETED_DEVICE_FAMILY = "1,2";
			};
			name = Debug;
		};
		349C6EC22B8BAE1B00B4C953 /* Release */ = {
			isa = XCBuildConfiguration;
			buildSettings = {
				ASSETCATALOG_COMPILER_APPICON_NAME = AppIcon;
				ASSETCATALOG_COMPILER_GLOBAL_ACCENT_COLOR_NAME = AccentColor;
				CODE_SIGN_STYLE = Automatic;
				CURRENT_PROJECT_VERSION = 1;
				DEVELOPMENT_ASSET_PATHS = "\"Cats/Preview Content\"";
				DEVELOPMENT_TEAM = B6U9AWB5W8;
				ENABLE_PREVIEWS = YES;
				GENERATE_INFOPLIST_FILE = YES;
				INFOPLIST_KEY_UIApplicationSceneManifest_Generation = YES;
				INFOPLIST_KEY_UIApplicationSupportsIndirectInputEvents = YES;
				INFOPLIST_KEY_UILaunchScreen_Generation = YES;
				INFOPLIST_KEY_UISupportedInterfaceOrientations_iPad = "UIInterfaceOrientationPortrait UIInterfaceOrientationPortraitUpsideDown UIInterfaceOrientationLandscapeLeft UIInterfaceOrientationLandscapeRight";
				INFOPLIST_KEY_UISupportedInterfaceOrientations_iPhone = "UIInterfaceOrientationPortrait UIInterfaceOrientationLandscapeLeft UIInterfaceOrientationLandscapeRight";
				LD_RUNPATH_SEARCH_PATHS = (
					"$(inherited)",
					"@executable_path/Frameworks",
				);
				MARKETING_VERSION = 1.0;
				PRODUCT_BUNDLE_IDENTIFIER = innas.Cats;
				PRODUCT_NAME = "$(TARGET_NAME)";
				SWIFT_EMIT_LOC_STRINGS = YES;
				SWIFT_VERSION = 5.0;
				TARGETED_DEVICE_FAMILY = "1,2";
			};
			name = Release;
		};
/* End XCBuildConfiguration section */

/* Begin XCConfigurationList section */
		349C6EAD2B8BAE1900B4C953 /* Build configuration list for PBXProject "Cats" */ = {
			isa = XCConfigurationList;
			buildConfigurations = (
				349C6EBE2B8BAE1B00B4C953 /* Debug */,
				349C6EBF2B8BAE1B00B4C953 /* Release */,
			);
			defaultConfigurationIsVisible = 0;
			defaultConfigurationName = Release;
		};
		349C6EC02B8BAE1B00B4C953 /* Build configuration list for PBXNativeTarget "Cats" */ = {
			isa = XCConfigurationList;
			buildConfigurations = (
				349C6EC12B8BAE1B00B4C953 /* Debug */,
				349C6EC22B8BAE1B00B4C953 /* Release */,
			);
			defaultConfigurationIsVisible = 0;
			defaultConfigurationName = Release;
		};
/* End XCConfigurationList section */

/* Begin XCRemoteSwiftPackageReference section */
		348C82162B91230200DB02E2 /* XCRemoteSwiftPackageReference "Alamofire" */ = {
			isa = XCRemoteSwiftPackageReference;
			repositoryURL = "https://github.com/Alamofire/Alamofire.git";
			requirement = {
				kind = upToNextMajorVersion;
				minimumVersion = 5.8.1;
			};
		};
/* End XCRemoteSwiftPackageReference section */

/* Begin XCSwiftPackageProductDependency section */
		348C82172B91230200DB02E2 /* Alamofire */ = {
			isa = XCSwiftPackageProductDependency;
			package = 348C82162B91230200DB02E2 /* XCRemoteSwiftPackageReference "Alamofire" */;
			productName = Alamofire;
		};
/* End XCSwiftPackageProductDependency section */
	};
	rootObject = 349C6EAA2B8BAE1900B4C953 /* Project object */;
}
